PODS:
  - SQLite.swift (0.11.3):
    - SQLite.swift/standard (= 0.11.3)
  - SQLite.swift/standard (0.11.3)

DEPENDENCIES:
  - SQLite.swift (~> 0.11.3)

SPEC CHECKSUMS:
  SQLite.swift: 99b36c22084427f0abbeb957556ce1528cf10bb3

PODFILE CHECKSUM: 62100015311cbb4801f92c99858e0c7f1674b8f2

COCOAPODS: 1.2.1
