// !$*UTF8*$!
{
	archiveVersion = 1;
	classes = {
	};
	objectVersion = 46;
	objects = {

/* Begin PBXBuildFile section */
		756707A31EF8C407006C5E2A /* AppDelegate.swift in Sources */ = {isa = PBXBuildFile; fileRef = 756707A21EF8C407006C5E2A /* AppDelegate.swift */; };
		756707A51EF8C407006C5E2A /* ViewController.swift in Sources */ = {isa = PBXBuildFile; fileRef = 756707A41EF8C407006C5E2A /* ViewController.swift */; };
		756707A81EF8C407006C5E2A /* Main.storyboard in Resources */ = {isa = PBXBuildFile; fileRef = 756707A61EF8C407006C5E2A /* Main.storyboard */; };
		756707AA1EF8C407006C5E2A /* Assets.xcassets in Resources */ = {isa = PBXBuildFile; fileRef = 756707A91EF8C407006C5E2A /* Assets.xcassets */; };
		756707AD1EF8C407006C5E2A /* LaunchScreen.storyboard in Resources */ = {isa = PBXBuildFile; fileRef = 756707AB1EF8C407006C5E2A /* LaunchScreen.storyboard */; };
		75A825691EF8C657008E9408 /* TabelaDAO.swift in Sources */ = {isa = PBXBuildFile; fileRef = 75A825681EF8C657008E9408 /* TabelaDAO.swift */; };
		75A8256B1EF8CAB6008E9408 /* Tarefa.swift in Sources */ = {isa = PBXBuildFile; fileRef = 75A8256A1EF8CAB6008E9408 /* Tarefa.swift */; };
		C11F86744D3AAC5AD9E48055 /* Pods_DatabaseSQLiteProject.framework in Frameworks */ = {isa = PBXBuildFile; fileRef = C1AED7CFF38018DD079C4F3C /* Pods_DatabaseSQLiteProject.framework */; };
/* End PBXBuildFile section */

/* Begin PBXFileReference section */
		280E0AFAA3B7EA294230B8DD /* Pods-DatabaseSQLiteProject.debug.xcconfig */ = {isa = PBXFileReference; includeInIndex = 1; lastKnownFileType = text.xcconfig; name = "Pods-DatabaseSQLiteProject.debug.xcconfig"; path = "Pods/Target Support Files/Pods-DatabaseSQLiteProject/Pods-DatabaseSQLiteProject.debug.xcconfig"; sourceTree = "<group>"; };
		7567079F1EF8C407006C5E2A /* DatabaseSQLiteProject.app */ = {isa = PBXFileReference; explicitFileType = wrapper.application; includeInIndex = 0; path = DatabaseSQLiteProject.app; sourceTree = BUILT_PRODUCTS_DIR; };
		756707A21EF8C407006C5E2A /* AppDelegate.swift */ = {isa = PBXFileReference; lastKnownFileType = sourcecode.swift; path = AppDelegate.swift; sourceTree = "<group>"; };
		756707A41EF8C407006C5E2A /* ViewController.swift */ = {isa = PBXFileReference; lastKnownFileType = sourcecode.swift; path = ViewController.swift; sourceTree = "<group>"; };
		756707A71EF8C407006C5E2A /* Base */ = {isa = PBXFileReference; lastKnownFileType = file.storyboard; name = Base; path = Base.lproj/Main.storyboard; sourceTree = "<group>"; };
		756707A91EF8C407006C5E2A /* Assets.xcassets */ = {isa = PBXFileReference; lastKnownFileType = folder.assetcatalog; path = Assets.xcassets; sourceTree = "<group>"; };
		756707AC1EF8C407006C5E2A /* Base */ = {isa = PBXFileReference; lastKnownFileType = file.storyboard; name = Base; path = Base.lproj/LaunchScreen.storyboard; sourceTree = "<group>"; };
		756707AE1EF8C407006C5E2A /* Info.plist */ = {isa = PBXFileReference; lastKnownFileType = text.plist.xml; path = Info.plist; sourceTree = "<group>"; };
		75A825681EF8C657008E9408 /* TabelaDAO.swift */ = {isa = PBXFileReference; fileEncoding = 4; lastKnownFileType = sourcecode.swift; path = TabelaDAO.swift; sourceTree = "<group>"; };
		75A8256A1EF8CAB6008E9408 /* Tarefa.swift */ = {isa = PBXFileReference; fileEncoding = 4; lastKnownFileType = sourcecode.swift; path = Tarefa.swift; sourceTree = "<group>"; };
		C1AED7CFF38018DD079C4F3C /* Pods_DatabaseSQLiteProject.framework */ = {isa = PBXFileReference; explicitFileType = wrapper.framework; includeInIndex = 0; path = Pods_DatabaseSQLiteProject.framework; sourceTree = BUILT_PRODUCTS_DIR; };
		C862324E3F4FDE39AFA12DA9 /* Pods-DatabaseSQLiteProject.release.xcconfig */ = {isa = PBXFileReference; includeInIndex = 1; lastKnownFileType = text.xcconfig; name = "Pods-DatabaseSQLiteProject.release.xcconfig"; path = "Pods/Target Support Files/Pods-DatabaseSQLiteProject/Pods-DatabaseSQLiteProject.release.xcconfig"; sourceTree = "<group>"; };
/* End PBXFileReference section */

/* Begin PBXFrameworksBuildPhase section */
		7567079C1EF8C407006C5E2A /* Frameworks */ = {
			isa = PBXFrameworksBuildPhase;
			buildActionMask = 2147483647;
			files = (
				C11F86744D3AAC5AD9E48055 /* Pods_DatabaseSQLiteProject.framework in Frameworks */,
			);
			runOnlyForDeploymentPostprocessing = 0;
		};
/* End PBXFrameworksBuildPhase section */

/* Begin PBXGroup section */
		31C81D966E5BB84ECCF02A40 /* Frameworks */ = {
			isa = PBXGroup;
			children = (
				C1AED7CFF38018DD079C4F3C /* Pods_DatabaseSQLiteProject.framework */,
			);
			name = Frameworks;
			sourceTree = "<group>";
		};
		756707961EF8C407006C5E2A = {
			isa = PBXGroup;
			children = (
				756707A11EF8C407006C5E2A /* DatabaseSQLiteProject */,
				756707A01EF8C407006C5E2A /* Products */,
				C150822A5C13A9EB178B16A3 /* Pods */,
				31C81D966E5BB84ECCF02A40 /* Frameworks */,
			);
			sourceTree = "<group>";
		};
		756707A01EF8C407006C5E2A /* Products */ = {
			isa = PBXGroup;
			children = (
				7567079F1EF8C407006C5E2A /* DatabaseSQLiteProject.app */,
			);
			name = Products;
			sourceTree = "<group>";
		};
		756707A11EF8C407006C5E2A /* DatabaseSQLiteProject */ = {
			isa = PBXGroup;
			children = (
				75A825661EF8C62A008E9408 /* Data */,
				75A825651EF8C624008E9408 /* Controller */,
				75A825641EF8C620008E9408 /* View */,
				75A825631EF8C618008E9408 /* Model */,
				756707A91EF8C407006C5E2A /* Assets.xcassets */,
			);
			path = DatabaseSQLiteProject;
			sourceTree = "<group>";
		};
		75A825631EF8C618008E9408 /* Model */ = {
			isa = PBXGroup;
			children = (
				756707AE1EF8C407006C5E2A /* Info.plist */,
				75A8256A1EF8CAB6008E9408 /* Tarefa.swift */,
			);
			name = Model;
			sourceTree = "<group>";
		};
		75A825641EF8C620008E9408 /* View */ = {
			isa = PBXGroup;
			children = (
				756707A61EF8C407006C5E2A /* Main.storyboard */,
				756707AB1EF8C407006C5E2A /* LaunchScreen.storyboard */,
			);
			name = View;
			sourceTree = "<group>";
		};
		75A825651EF8C624008E9408 /* Controller */ = {
			isa = PBXGroup;
			children = (
				756707A21EF8C407006C5E2A /* AppDelegate.swift */,
				75A825671EF8C632008E9408 /* View Controllers */,
			);
			name = Controller;
			sourceTree = "<group>";
		};
		75A825661EF8C62A008E9408 /* Data */ = {
			isa = PBXGroup;
			children = (
				75A825681EF8C657008E9408 /* TabelaDAO.swift */,
			);
			name = Data;
			sourceTree = "<group>";
		};
		75A825671EF8C632008E9408 /* View Controllers */ = {
			isa = PBXGroup;
			children = (
				756707A41EF8C407006C5E2A /* ViewController.swift */,
			);
			name = "View Controllers";
			sourceTree = "<group>";
		};
		C150822A5C13A9EB178B16A3 /* Pods */ = {
			isa = PBXGroup;
			children = (
				280E0AFAA3B7EA294230B8DD /* Pods-DatabaseSQLiteProject.debug.xcconfig */,
				C862324E3F4FDE39AFA12DA9 /* Pods-DatabaseSQLiteProject.release.xcconfig */,
			);
			name = Pods;
			sourceTree = "<group>";
		};
/* End PBXGroup section */

/* Begin PBXNativeTarget section */
		7567079E1EF8C407006C5E2A /* DatabaseSQLiteProject */ = {
			isa = PBXNativeTarget;
			buildConfigurationList = 756707B11EF8C407006C5E2A /* Build configuration list for PBXNativeTarget "DatabaseSQLiteProject" */;
			buildPhases = (
				8A4A1BAA691EC498DC8FA9D3 /* [CP] Check Pods Manifest.lock */,
				7567079B1EF8C407006C5E2A /* Sources */,
				7567079C1EF8C407006C5E2A /* Frameworks */,
				7567079D1EF8C407006C5E2A /* Resources */,
				810750F25349E94506781CA6 /* [CP] Embed Pods Frameworks */,
				CCEB5CFAA06A76843E1B08AF /* [CP] Copy Pods Resources */,
			);
			buildRules = (
			);
			dependencies = (
			);
			name = DatabaseSQLiteProject;
			productName = DatabaseSQLiteProject;
			productReference = 7567079F1EF8C407006C5E2A /* DatabaseSQLiteProject.app */;
			productType = "com.apple.product-type.application";
		};
/* End PBXNativeTarget section */

/* Begin PBXProject section */
		756707971EF8C407006C5E2A /* Project object */ = {
			isa = PBXProject;
			attributes = {
				LastSwiftUpdateCheck = 0830;
				LastUpgradeCheck = 0830;
				ORGANIZATIONNAME = "Time dos Sonhos";
				TargetAttributes = {
					7567079E1EF8C407006C5E2A = {
						CreatedOnToolsVersion = 8.3.3;
						DevelopmentTeam = GP7RJ6T62Z;
						ProvisioningStyle = Automatic;
					};
				};
			};
			buildConfigurationList = 7567079A1EF8C407006C5E2A /* Build configuration list for PBXProject "DatabaseSQLiteProject" */;
			compatibilityVersion = "Xcode 3.2";
			developmentRegion = English;
			hasScannedForEncodings = 0;
			knownRegions = (
				en,
				Base,
			);
			mainGroup = 756707961EF8C407006C5E2A;
			productRefGroup = 756707A01EF8C407006C5E2A /* Products */;
			projectDirPath = "";
			projectRoot = "";
			targets = (
				7567079E1EF8C407006C5E2A /* DatabaseSQLiteProject */,
			);
		};
/* End PBXProject section */

/* Begin PBXResourcesBuildPhase section */
		7567079D1EF8C407006C5E2A /* Resources */ = {
			isa = PBXResourcesBuildPhase;
			buildActionMask = 2147483647;
			files = (
				756707AD1EF8C407006C5E2A /* LaunchScreen.storyboard in Resources */,
				756707AA1EF8C407006C5E2A /* Assets.xcassets in Resources */,
				756707A81EF8C407006C5E2A /* Main.storyboard in Resources */,
			);
			runOnlyForDeploymentPostprocessing = 0;
		};
/* End PBXResourcesBuildPhase section */

/* Begin PBXShellScriptBuildPhase section */
		810750F25349E94506781CA6 /* [CP] Embed Pods Frameworks */ = {
			isa = PBXShellScriptBuildPhase;
			buildActionMask = 2147483647;
			files = (
			);
			inputPaths = (
			);
			name = "[CP] Embed Pods Frameworks";
			outputPaths = (
			);
			runOnlyForDeploymentPostprocessing = 0;
			shellPath = /bin/sh;
			shellScript = "\"${SRCROOT}/Pods/Target Support Files/Pods-DatabaseSQLiteProject/Pods-DatabaseSQLiteProject-frameworks.sh\"\n";
			showEnvVarsInLog = 0;
		};
		8A4A1BAA691EC498DC8FA9D3 /* [CP] Check Pods Manifest.lock */ = {
			isa = PBXShellScriptBuildPhase;
			buildActionMask = 2147483647;
			files = (
			);
			inputPaths = (
			);
			name = "[CP] Check Pods Manifest.lock";
			outputPaths = (
			);
			runOnlyForDeploymentPostprocessing = 0;
			shellPath = /bin/sh;
			shellScript = "diff \"${PODS_PODFILE_DIR_PATH}/Podfile.lock\" \"${PODS_ROOT}/Manifest.lock\" > /dev/null\nif [ $? != 0 ] ; then\n    # print error to STDERR\n    echo \"error: The sandbox is not in sync with the Podfile.lock. Run 'pod install' or update your CocoaPods installation.\" >&2\n    exit 1\nfi\n";
			showEnvVarsInLog = 0;
		};
		CCEB5CFAA06A76843E1B08AF /* [CP] Copy Pods Resources */ = {
			isa = PBXShellScriptBuildPhase;
			buildActionMask = 2147483647;
			files = (
			);
			inputPaths = (
			);
			name = "[CP] Copy Pods Resources";
			outputPaths = (
			);
			runOnlyForDeploymentPostprocessing = 0;
			shellPath = /bin/sh;
			shellScript = "\"${SRCROOT}/Pods/Target Support Files/Pods-DatabaseSQLiteProject/Pods-DatabaseSQLiteProject-resources.sh\"\n";
			showEnvVarsInLog = 0;
		};
/* End PBXShellScriptBuildPhase section */

/* Begin PBXSourcesBuildPhase section */
		7567079B1EF8C407006C5E2A /* Sources */ = {
			isa = PBXSourcesBuildPhase;
			buildActionMask = 2147483647;
			files = (
				756707A51EF8C407006C5E2A /* ViewController.swift in Sources */,
				75A825691EF8C657008E9408 /* TabelaDAO.swift in Sources */,
				75A8256B1EF8CAB6008E9408 /* Tarefa.swift in Sources */,
				756707A31EF8C407006C5E2A /* AppDelegate.swift in Sources */,
			);
			runOnlyForDeploymentPostprocessing = 0;
		};
/* End PBXSourcesBuildPhase section */

/* Begin PBXVariantGroup section */
		756707A61EF8C407006C5E2A /* Main.storyboard */ = {
			isa = PBXVariantGroup;
			children = (
				756707A71EF8C407006C5E2A /* Base */,
			);
			name = Main.storyboard;
			sourceTree = "<group>";
		};
		756707AB1EF8C407006C5E2A /* LaunchScreen.storyboard */ = {
			isa = PBXVariantGroup;
			children = (
				756707AC1EF8C407006C5E2A /* Base */,
			);
			name = LaunchScreen.storyboard;
			sourceTree = "<group>";
		};
/* End PBXVariantGroup section */

/* Begin XCBuildConfiguration section */
		756707AF1EF8C407006C5E2A /* Debug */ = {
			isa = XCBuildConfiguration;
			buildSettings = {
				ALWAYS_SEARCH_USER_PATHS = NO;
				CLANG_ANALYZER_NONNULL = YES;
				CLANG_ANALYZER_NUMBER_OBJECT_CONVERSION = YES_AGGRESSIVE;
				CLANG_CXX_LANGUAGE_STANDARD = "gnu++0x";
				CLANG_CXX_LIBRARY = "libc++";
				CLANG_ENABLE_MODULES = YES;
				CLANG_ENABLE_OBJC_ARC = YES;
				CLANG_WARN_BOOL_CONVERSION = YES;
				CLANG_WARN_CONSTANT_CONVERSION = YES;
				CLANG_WARN_DIRECT_OBJC_ISA_USAGE = YES_ERROR;
				CLANG_WARN_DOCUMENTATION_COMMENTS = YES;
				CLANG_WARN_EMPTY_BODY = YES;
				CLANG_WARN_ENUM_CONVERSION = YES;
				CLANG_WARN_INFINITE_RECURSION = YES;
				CLANG_WARN_INT_CONVERSION = YES;
				CLANG_WARN_OBJC_ROOT_CLASS = YES_ERROR;
				CLANG_WARN_SUSPICIOUS_MOVE = YES;
				CLANG_WARN_UNREACHABLE_CODE = YES;
				CLANG_WARN__DUPLICATE_METHOD_MATCH = YES;
				"CODE_SIGN_IDENTITY[sdk=iphoneos*]" = "iPhone Developer";
				COPY_PHASE_STRIP = NO;
				DEBUG_INFORMATION_FORMAT = dwarf;
				ENABLE_STRICT_OBJC_MSGSEND = YES;
				ENABLE_TESTABILITY = YES;
				GCC_C_LANGUAGE_STANDARD = gnu99;
				GCC_DYNAMIC_NO_PIC = NO;
				GCC_NO_COMMON_BLOCKS = YES;
				GCC_OPTIMIZATION_LEVEL = 0;
				GCC_PREPROCESSOR_DEFINITIONS = (
					"DEBUG=1",
					"$(inherited)",
				);
				GCC_WARN_64_TO_32_BIT_CONVERSION = YES;
				GCC_WARN_ABOUT_RETURN_TYPE = YES_ERROR;
				GCC_WARN_UNDECLARED_SELECTOR = YES;
				GCC_WARN_UNINITIALIZED_AUTOS = YES_AGGRESSIVE;
				GCC_WARN_UNUSED_FUNCTION = YES;
				GCC_WARN_UNUSED_VARIABLE = YES;
				IPHONEOS_DEPLOYMENT_TARGET = 10.3;
				MTL_ENABLE_DEBUG_INFO = YES;
				ONLY_ACTIVE_ARCH = YES;
				SDKROOT = iphoneos;
				SWIFT_ACTIVE_COMPILATION_CONDITIONS = DEBUG;
				SWIFT_OPTIMIZATION_LEVEL = "-Onone";
				TARGETED_DEVICE_FAMILY = "1,2";
			};
			name = Debug;
		};
		756707B01EF8C407006C5E2A /* Release */ = {
			isa = XCBuildConfiguration;
			buildSettings = {
				ALWAYS_SEARCH_USER_PATHS = NO;
				CLANG_ANALYZER_NONNULL = YES;
				CLANG_ANALYZER_NUMBER_OBJECT_CONVERSION = YES_AGGRESSIVE;
				CLANG_CXX_LANGUAGE_STANDARD = "gnu++0x";
				CLANG_CXX_LIBRARY = "libc++";
				CLANG_ENABLE_MODULES = YES;
				CLANG_ENABLE_OBJC_ARC = YES;
				CLANG_WARN_BOOL_CONVERSION = YES;
				CLANG_WARN_CONSTANT_CONVERSION = YES;
				CLANG_WARN_DIRECT_OBJC_ISA_USAGE = YES_ERROR;
				CLANG_WARN_DOCUMENTATION_COMMENTS = YES;
				CLANG_WARN_EMPTY_BODY = YES;
				CLANG_WARN_ENUM_CONVERSION = YES;
				CLANG_WARN_INFINITE_RECURSION = YES;
				CLANG_WARN_INT_CONVERSION = YES;
				CLANG_WARN_OBJC_ROOT_CLASS = YES_ERROR;
				CLANG_WARN_SUSPICIOUS_MOVE = YES;
				CLANG_WARN_UNREACHABLE_CODE = YES;
				CLANG_WARN__DUPLICATE_METHOD_MATCH = YES;
				"CODE_SIGN_IDENTITY[sdk=iphoneos*]" = "iPhone Developer";
				COPY_PHASE_STRIP = NO;
				DEBUG_INFORMATION_FORMAT = "dwarf-with-dsym";
				ENABLE_NS_ASSERTIONS = NO;
				ENABLE_STRICT_OBJC_MSGSEND = YES;
				GCC_C_LANGUAGE_STANDARD = gnu99;
				GCC_NO_COMMON_BLOCKS = YES;
				GCC_WARN_64_TO_32_BIT_CONVERSION = YES;
				GCC_WARN_ABOUT_RETURN_TYPE = YES_ERROR;
				GCC_WARN_UNDECLARED_SELECTOR = YES;
				GCC_WARN_UNINITIALIZED_AUTOS = YES_AGGRESSIVE;
				GCC_WARN_UNUSED_FUNCTION = YES;
				GCC_WARN_UNUSED_VARIABLE = YES;
				IPHONEOS_DEPLOYMENT_TARGET = 10.3;
				MTL_ENABLE_DEBUG_INFO = NO;
				SDKROOT = iphoneos;
				SWIFT_OPTIMIZATION_LEVEL = "-Owholemodule";
				TARGETED_DEVICE_FAMILY = "1,2";
				VALIDATE_PRODUCT = YES;
			};
			name = Release;
		};
		756707B21EF8C407006C5E2A /* Debug */ = {
			isa = XCBuildConfiguration;
			baseConfigurationReference = 280E0AFAA3B7EA294230B8DD /* Pods-DatabaseSQLiteProject.debug.xcconfig */;
			buildSettings = {
				ASSETCATALOG_COMPILER_APPICON_NAME = AppIcon;
				DEVELOPMENT_TEAM = GP7RJ6T62Z;
				INFOPLIST_FILE = DatabaseSQLiteProject/Info.plist;
				LD_RUNPATH_SEARCH_PATHS = "$(inherited) @executable_path/Frameworks";
				PRODUCT_BUNDLE_IDENTIFIER = br.com.timedossonhos.DatabaseSQLiteProject;
				PRODUCT_NAME = "$(TARGET_NAME)";
				SWIFT_VERSION = 3.0;
			};
			name = Debug;
		};
		756707B31EF8C407006C5E2A /* Release */ = {
			isa = XCBuildConfiguration;
			baseConfigurationReference = C862324E3F4FDE39AFA12DA9 /* Pods-DatabaseSQLiteProject.release.xcconfig */;
			buildSettings = {
				ASSETCATALOG_COMPILER_APPICON_NAME = AppIcon;
				DEVELOPMENT_TEAM = GP7RJ6T62Z;
				INFOPLIST_FILE = DatabaseSQLiteProject/Info.plist;
				LD_RUNPATH_SEARCH_PATHS = "$(inherited) @executable_path/Frameworks";
				PRODUCT_BUNDLE_IDENTIFIER = br.com.timedossonhos.DatabaseSQLiteProject;
				PRODUCT_NAME = "$(TARGET_NAME)";
				SWIFT_VERSION = 3.0;
			};
			name = Release;
		};
/* End XCBuildConfiguration section */

/* Begin XCConfigurationList section */
		7567079A1EF8C407006C5E2A /* Build configuration list for PBXProject "DatabaseSQLiteProject" */ = {
			isa = XCConfigurationList;
			buildConfigurations = (
				756707AF1EF8C407006C5E2A /* Debug */,
				756707B01EF8C407006C5E2A /* Release */,
			);
			defaultConfigurationIsVisible = 0;
			defaultConfigurationName = Release;
		};
		756707B11EF8C407006C5E2A /* Build configuration list for PBXNativeTarget "DatabaseSQLiteProject" */ = {
			isa = XCConfigurationList;
			buildConfigurations = (
				756707B21EF8C407006C5E2A /* Debug */,
				756707B31EF8C407006C5E2A /* Release */,
			);
			defaultConfigurationIsVisible = 0;
			defaultConfigurationName = Release;
		};
/* End XCConfigurationList section */
	};
	rootObject = 756707971EF8C407006C5E2A /* Project object */;
}
